PODS:
  - Amplify (1.9.2):
    - Amplify/Default (= 1.9.2)
  - Amplify/Default (1.9.2)
  - amplify_analytics_pinpoint (0.0.1):
    - Amplify
    - amplify_core
    - AmplifyPlugins/AWSPinpointAnalyticsPlugin
    - Flutter
  - amplify_api (0.0.1):
    - Amplify
    - amplify_core
    - AmplifyPlugins/AWSAPIPlugin
    - Flutter
  - amplify_auth_cognito (0.0.1):
    - Amplify
    - amplify_core
    - AmplifyPlugins/AWSCognitoAuthPlugin
    - Flutter
    - ObjectMapper
  - amplify_core (0.0.1):
    - Flutter
  - amplify_flutter (0.0.1):
    - Amplify
    - amplify_core
    - AmplifyPlugins/AWSCognitoAuthPlugin
    - AWSPluginsCore
    - Flutter
  - amplify_storage_s3 (0.0.1):
    - Amplify
    - amplify_core
    - AmplifyPlugins/AWSS3StoragePlugin
    - Flutter
  - AmplifyPlugins/AWSAPIPlugin (1.9.2):
    - AppSyncRealTimeClient (~> 1.4)
    - AWSCore (~> 2.24.0)
    - AWSPluginsCore (= 1.9.2)
  - AmplifyPlugins/AWSCognitoAuthPlugin (1.9.2):
    - AWSAuthCore (~> 2.24.0)
    - AWSCognitoIdentityProvider (~> 2.24.0)
    - AWSCognitoIdentityProviderASF (~> 2.24.0)
    - AWSCore (~> 2.24.0)
    - AWSMobileClient (~> 2.24.0)
    - AWSPluginsCore (= 1.9.2)
  - AmplifyPlugins/AWSPinpointAnalyticsPlugin (1.9.2):
    - AWSCore (~> 2.24.0)
    - AWSPinpoint (~> 2.24.0)
    - AWSPluginsCore (= 1.9.2)
  - AmplifyPlugins/AWSS3StoragePlugin (1.9.2):
    - AWSCore (~> 2.24.0)
    - AWSPluginsCore (= 1.9.2)
    - AWSS3 (~> 2.24.0)
  - AppSyncRealTimeClient (1.5.0):
    - Starscream (~> 3.1.1)
  - AWSAuthCore (2.24.1):
    - AWSCore (= 2.24.1)
  - AWSCognitoIdentityProvider (2.24.1):
    - AWSCognitoIdentityProviderASF (= 2.24.1)
    - AWSCore (= 2.24.1)
  - AWSCognitoIdentityProviderASF (2.24.1)
  - AWSCore (2.24.1)
  - AWSMobileClient (2.24.1):
    - AWSAuthCore (= 2.24.1)
    - AWSCognitoIdentityProvider (= 2.24.1)
    - AWSCognitoIdentityProviderASF (= 2.24.1)
    - AWSCore (= 2.24.1)
  - AWSPinpoint (2.24.1):
    - AWSCore (= 2.24.1)
  - AWSPluginsCore (1.9.2):
    - Amplify (= 1.9.2)
    - AWSCore (~> 2.24.0)
  - AWSS3 (2.24.1):
    - AWSCore (= 2.24.1)
  - Flutter (1.0.0)
  - FMDB (2.7.5):
    - FMDB/standard (= 2.7.5)
  - FMDB/standard (2.7.5)
  - image_picker (0.0.1):
    - Flutter
  - ObjectMapper (4.2.0)
  - path_provider (0.0.1):
    - Flutter
  - shared_preferences (0.0.1):
    - Flutter
  - sqflite (0.0.2):
    - Flutter
    - FMDB (>= 2.7.5)
  - Starscream (3.1.1)

DEPENDENCIES:
  - amplify_analytics_pinpoint (from `.symlinks/plugins/amplify_analytics_pinpoint/ios`)
  - amplify_api (from `.symlinks/plugins/amplify_api/ios`)
  - amplify_auth_cognito (from `.symlinks/plugins/amplify_auth_cognito/ios`)
  - amplify_core (from `.symlinks/plugins/amplify_core/ios`)
  - amplify_flutter (from `.symlinks/plugins/amplify_flutter/ios`)
  - amplify_storage_s3 (from `.symlinks/plugins/amplify_storage_s3/ios`)
  - Flutter (from `Flutter`)
  - image_picker (from `.symlinks/plugins/image_picker/ios`)
  - path_provider (from `.symlinks/plugins/path_provider/ios`)
  - shared_preferences (from `.symlinks/plugins/shared_preferences/ios`)
  - sqflite (from `.symlinks/plugins/sqflite/ios`)

SPEC REPOS:
  trunk:
    - Amplify
    - AmplifyPlugins
    - AppSyncRealTimeClient
    - AWSAuthCore
    - AWSCognitoIdentityProvider
    - AWSCognitoIdentityProviderASF
    - AWSCore
    - AWSMobileClient
    - AWSPinpoint
    - AWSPluginsCore
    - AWSS3
    - FMDB
    - ObjectMapper
    - Starscream

EXTERNAL SOURCES:
  amplify_analytics_pinpoint:
    :path: ".symlinks/plugins/amplify_analytics_pinpoint/ios"
  amplify_api:
    :path: ".symlinks/plugins/amplify_api/ios"
  amplify_auth_cognito:
    :path: ".symlinks/plugins/amplify_auth_cognito/ios"
  amplify_core:
    :path: ".symlinks/plugins/amplify_core/ios"
  amplify_flutter:
    :path: ".symlinks/plugins/amplify_flutter/ios"
  amplify_storage_s3:
    :path: ".symlinks/plugins/amplify_storage_s3/ios"
  Flutter:
    :path: Flutter
  image_picker:
    :path: ".symlinks/plugins/image_picker/ios"
  path_provider:
    :path: ".symlinks/plugins/path_provider/ios"
  shared_preferences:
    :path: ".symlinks/plugins/shared_preferences/ios"
  sqflite:
    :path: ".symlinks/plugins/sqflite/ios"

SPEC CHECKSUMS:
  Amplify: 16dcca0275599bc3fa0bb19a02259f058a9f0c45
  amplify_analytics_pinpoint: df3010eb49161ada82712a6b74d3f77296ac561e
  amplify_api: 9a94aa18c1576ee0f3bae038b34c227e07b5c6ab
  amplify_auth_cognito: 2e090a788d0ba4e08f6438170b1e7aac872782b4
  amplify_core: 8b38d20089fe4f225c14db6892f586bd03824a42
  amplify_flutter: d64b45e3a016e491bbb2e110fee57e150daf2164
  amplify_storage_s3: 784469070ec70527454e540ef0d501498f58927a
  AmplifyPlugins: 47df46f4e03b0d34c953f6348f13fe0381537c9f
  AppSyncRealTimeClient: 2b4482b1770a3e5cf64f9714a6d198550017b5a2
  AWSAuthCore: a4400758dd1467e655bd859ee87aab1888ec9a4d
  AWSCognitoIdentityProvider: ee2baffabe894407f5da7cd43aee7a0608680c24
  AWSCognitoIdentityProviderASF: ffc62276197db5c41d8f7ce952443fb29e2967cc
  AWSCore: f6cfada8b48d569c11b94e49e8fb184b9c1a2e7e
  AWSMobileClient: b39ba2044701c4d013814bab148550d10b47f8b3
  AWSPinpoint: 3fb2a0cc2879c26df6c370a27c5def4f2a370ebd
  AWSPluginsCore: dcedd6826f38917f6b8bc11f261abb0fc0eb2977
  AWSS3: e5b5a1595e08c52bb321495d7122e1d331134317
  Flutter: 434fef37c0980e73bb6479ef766c45957d4b510c
  FMDB: 2ce00b547f966261cd18927a3ddb07cb6f3db82a
  image_picker: 50e7c7ff960e5f58faa4d1f4af84a771c671bc4a
  ObjectMapper: 1eb41f610210777375fa806bf161dc39fb832b81
  path_provider: abfe2b5c733d04e238b0d8691db0cfd63a27a93c
  shared_preferences: af6bfa751691cdc24be3045c43ec037377ada40d
  sqflite: 6d358c025f5b867b29ed92fc697fd34924e11904
  Starscream: 4bb2f9942274833f7b4d296a55504dcfc7edb7b0

PODFILE CHECKSUM: 2d003d2a4f4b67e0a26ff44e9ea1b5df6c5e26d8

COCOAPODS: 1.10.1
