PODS:
  - Amplify (1.23.0):
    - Amplify/Default (= 1.23.0)
  - Amplify/Default (1.23.0)
  - amplify_api_ios (0.0.1):
    - Amplify (= 1.23.0)
    - amplify_flutter_ios
    - AmplifyPlugins/AWSAPIPlugin (= 1.23.0)
    - Flutter
  - amplify_auth_cognito_ios (0.0.1):
    - Amplify (= 1.23.0)
    - amplify_flutter_ios
    - Flutter
  - amplify_flutter_ios (0.0.1):
    - Amplify (= 1.23.0)
    - AWSPluginsCore (= 1.23.0)
    - Flutter
  - amplify_secure_storage (0.0.1):
    - Flutter
  - AmplifyPlugins/AWSAPIPlugin (1.23.0):
    - AppSyncRealTimeClient (~> 1.8)
    - AWSCore (~> 2.27.0)
    - AWSPluginsCore (= 1.23.0)
  - AppSyncRealTimeClient (1.10.0):
    - Starscream (~> 4.0.4)
  - AWSCore (2.27.15)
  - AWSPluginsCore (1.23.0):
    - Amplify (= 1.23.0)
    - AWSCore (~> 2.27.0)
  - connectivity_plus (0.0.1):
    - Flutter
    - ReachabilitySwift
  - device_info_plus (0.0.1):
    - Flutter
  - Flutter (1.0.0)
  - FMDB (2.7.5):
    - FMDB/standard (= 2.7.5)
  - FMDB/standard (2.7.5)
  - image_picker_ios (0.0.1):
    - Flutter
  - package_info_plus (0.4.5):
    - Flutter
  - path_provider_ios (0.0.1):
    - Flutter
  - ReachabilitySwift (5.0.0)
  - shared_preferences_ios (0.0.1):
    - Flutter
  - sqflite (0.0.2):
    - Flutter
    - FMDB (>= 2.7.5)
  - sqlite3 (3.39.3):
    - sqlite3/common (= 3.39.3)
  - sqlite3/common (3.39.3)
  - sqlite3/fts5 (3.39.3):
    - sqlite3/common
  - sqlite3/perf-threadsafe (3.39.3):
    - sqlite3/common
  - sqlite3/rtree (3.39.3):
    - sqlite3/common
  - sqlite3_flutter_libs (0.0.1):
    - Flutter
    - sqlite3 (~> 3.39.3)
    - sqlite3/fts5
    - sqlite3/perf-threadsafe
    - sqlite3/rtree
  - Starscream (4.0.4)

DEPENDENCIES:
  - amplify_api_ios (from `.symlinks/plugins/amplify_api_ios/ios`)
  - amplify_auth_cognito_ios (from `.symlinks/plugins/amplify_auth_cognito_ios/ios`)
  - amplify_flutter_ios (from `.symlinks/plugins/amplify_flutter_ios/ios`)
  - amplify_secure_storage (from `.symlinks/plugins/amplify_secure_storage/ios`)
  - connectivity_plus (from `.symlinks/plugins/connectivity_plus/ios`)
  - device_info_plus (from `.symlinks/plugins/device_info_plus/ios`)
  - Flutter (from `Flutter`)
  - image_picker_ios (from `.symlinks/plugins/image_picker_ios/ios`)
  - package_info_plus (from `.symlinks/plugins/package_info_plus/ios`)
  - path_provider_ios (from `.symlinks/plugins/path_provider_ios/ios`)
  - shared_preferences_ios (from `.symlinks/plugins/shared_preferences_ios/ios`)
  - sqflite (from `.symlinks/plugins/sqflite/ios`)
  - sqlite3_flutter_libs (from `.symlinks/plugins/sqlite3_flutter_libs/ios`)

SPEC REPOS:
  trunk:
    - Amplify
    - AmplifyPlugins
    - AppSyncRealTimeClient
    - AWSCore
    - AWSPluginsCore
    - FMDB
    - ReachabilitySwift
    - sqlite3
    - Starscream

EXTERNAL SOURCES:
  amplify_api_ios:
    :path: ".symlinks/plugins/amplify_api_ios/ios"
  amplify_auth_cognito_ios:
    :path: ".symlinks/plugins/amplify_auth_cognito_ios/ios"
  amplify_flutter_ios:
    :path: ".symlinks/plugins/amplify_flutter_ios/ios"
  amplify_secure_storage:
    :path: ".symlinks/plugins/amplify_secure_storage/ios"
  connectivity_plus:
    :path: ".symlinks/plugins/connectivity_plus/ios"
  device_info_plus:
    :path: ".symlinks/plugins/device_info_plus/ios"
  Flutter:
    :path: Flutter
  image_picker_ios:
    :path: ".symlinks/plugins/image_picker_ios/ios"
  package_info_plus:
    :path: ".symlinks/plugins/package_info_plus/ios"
  path_provider_ios:
    :path: ".symlinks/plugins/path_provider_ios/ios"
  shared_preferences_ios:
    :path: ".symlinks/plugins/shared_preferences_ios/ios"
  sqflite:
    :path: ".symlinks/plugins/sqflite/ios"
  sqlite3_flutter_libs:
    :path: ".symlinks/plugins/sqlite3_flutter_libs/ios"

SPEC CHECKSUMS:
  Amplify: 010d6a71db20812d9e3062db1fe827393d01e584
  amplify_api_ios: 033f02bfad0b378c055d792f1a47eb0586977934
  amplify_auth_cognito_ios: 672d66106aa0a3f3b014f24e58563031736eca4f
  amplify_flutter_ios: b850afebaa322d97d55aae63851fb8209ea36743
  amplify_secure_storage: 501cbdac671a050090d48dfcc002d5637d3f4a55
  AmplifyPlugins: d939707cf36dfcd53c5fd6533e842e323a2287ab
  AppSyncRealTimeClient: 656ab4215e05f6ca47fe6d8c73f416d9984a8aac
  AWSCore: c67277201b6aca10e4cf24638eadaa67c85ebf03
  AWSPluginsCore: 120cfa265293694921b6595fe00d1cb5ab558847
  connectivity_plus: 413a8857dd5d9f1c399a39130850d02fe0feaf7e
  device_info_plus: e5c5da33f982a436e103237c0c85f9031142abed
  Flutter: f04841e97a9d0b0a8025694d0796dd46242b2854
  FMDB: 2ce00b547f966261cd18927a3ddb07cb6f3db82a
  image_picker_ios: b786a5dcf033a8336a657191401bfdf12017dabb
  package_info_plus: 6c92f08e1f853dc01228d6f553146438dafcd14e
  path_provider_ios: 14f3d2fd28c4fdb42f44e0f751d12861c43cee02
  ReachabilitySwift: 985039c6f7b23a1da463388634119492ff86c825
  shared_preferences_ios: 548a61f8053b9b8a49ac19c1ffbc8b92c50d68ad
  sqflite: 6d358c025f5b867b29ed92fc697fd34924e11904
  sqlite3: 50117e9e063a9ef2b865f7bdf2f2601e5d368e9a
  sqlite3_flutter_libs: c6ab7f23670a98fef45a137159452004bc552168
  Starscream: 5178aed56b316f13fa3bc55694e583d35dd414d9

PODFILE CHECKSUM: cc1f88378b4bfcf93a6ce00d2c587857c6008d3b

COCOAPODS: 1.11.3
